<?xml version="1.0" encoding="utf-8"?>
<Project ToolsVersion="4.0" xmlns="http://schemas.microsoft.com/developer/msbuild/2003">
  <ItemGroup>
    <Filter Include="Resource">
      <UniqueIdentifier>{4cf453f2-e501-463f-b4db-3bb405bcba00}</UniqueIdentifier>
    </Filter>
    <Filter Include="Resource\Mesh">
      <UniqueIdentifier>{27a94246-23e3-48d7-9a37-943ceddb566f}</UniqueIdentifier>
    </Filter>
    <Filter Include="Resource\Mesh\Geometry">
      <UniqueIdentifier>{8e9bfc93-f827-4666-8bd6-00d2e050a39c}</UniqueIdentifier>
    </Filter>
    <Filter Include="Resource\Mesh\Gizumo">
      <UniqueIdentifier>{a6c0c9c4-669a-4965-a5a8-5c6fd1415580}</UniqueIdentifier>
    </Filter>
    <Filter Include="Resource\Light">
      <UniqueIdentifier>{55f9dd26-4eb6-46ff-8f03-2d8ddaaa1ade}</UniqueIdentifier>
    </Filter>
    <Filter Include="Resource\Vertex">
      <UniqueIdentifier>{c2726e72-b939-4fbc-a799-aea9d05b5f12}</UniqueIdentifier>
    </Filter>
    <Filter Include="Resource\Material">
      <UniqueIdentifier>{9f937b98-46c7-4634-9ca9-9eedc4572f3d}</UniqueIdentifier>
    </Filter>
    <Filter Include="Resource\Effect">
      <UniqueIdentifier>{dab35443-1121-4ffe-b889-0e4139629067}</UniqueIdentifier>
    </Filter>
    <Filter Include="Public">
      <UniqueIdentifier>{4d164208-4dd7-4e7f-b6a8-d8284bd86ed6}</UniqueIdentifier>
    </Filter>
    <Filter Include="Private">
      <UniqueIdentifier>{e71404bf-7a1c-47ee-8c67-d3bda62fe30d}</UniqueIdentifier>
    </Filter>
    <Filter Include="Public\01.Renderer">
      <UniqueIdentifier>{66b417c6-3211-4b4d-849f-fecee46244c3}</UniqueIdentifier>
    </Filter>
    <Filter Include="Public\02.Pipeline">
      <UniqueIdentifier>{7757ac40-81ef-4acd-bc47-d28686a28b23}</UniqueIdentifier>
    </Filter>
    <Filter Include="Public\03.Camera">
      <UniqueIdentifier>{7748ccbf-eee8-422b-a207-6c9c4aa9967f}</UniqueIdentifier>
    </Filter>
    <Filter Include="Public\00.Define">
      <UniqueIdentifier>{68bdd788-d4f9-489d-8fc6-5c8ccc97df5f}</UniqueIdentifier>
    </Filter>
    <Filter Include="Public\04.Loader">
      <UniqueIdentifier>{c015aae5-e783-4384-9ec2-54b0fe024712}</UniqueIdentifier>
    </Filter>
    <Filter Include="Private\01.Renderer">
      <UniqueIdentifier>{e194b0f8-6e4f-4052-93f1-3a5be48f6991}</UniqueIdentifier>
    </Filter>
    <Filter Include="Private\02.Pipeline">
      <UniqueIdentifier>{48edef8e-da03-4036-bdb8-84397d30ac62}</UniqueIdentifier>
    </Filter>
    <Filter Include="Private\03.Camera">
      <UniqueIdentifier>{17915cc0-45c4-4d8d-8a3d-4dd93ad53dd5}</UniqueIdentifier>
    </Filter>
    <Filter Include="Private\04.Loader">
      <UniqueIdentifier>{31e05c91-3b77-4782-81e2-32dcde94f418}</UniqueIdentifier>
    </Filter>
    <Filter Include="Private\00.Define">
      <UniqueIdentifier>{ac632f02-6ccb-49fb-b691-2bce100340eb}</UniqueIdentifier>
    </Filter>
  </ItemGroup>
  <ItemGroup>
    <ClCompile Include="Box.cpp">
      <Filter>Resource\Mesh\Geometry</Filter>
    </ClCompile>
    <ClCompile Include="Cylinder.cpp">
      <Filter>Resource\Mesh\Geometry</Filter>
    </ClCompile>
    <ClCompile Include="GeoSphere.cpp">
      <Filter>Resource\Mesh\Geometry</Filter>
    </ClCompile>
    <ClCompile Include="Sphere.cpp">
      <Filter>Resource\Mesh\Geometry</Filter>
    </ClCompile>
    <ClCompile Include="Grid.cpp">
      <Filter>Resource\Mesh\Gizumo</Filter>
    </ClCompile>
    <ClCompile Include="BaseAxis.cpp">
      <Filter>Resource\Mesh\Gizumo</Filter>
    </ClCompile>
    <ClCompile Include="Mesh.cpp">
      <Filter>Resource\Mesh</Filter>
    </ClCompile>
    <ClCompile Include="Light.cpp">
      <Filter>Resource\Light</Filter>
    </ClCompile>
    <ClCompile Include="Vertex.cpp">
      <Filter>Resource\Vertex</Filter>
    </ClCompile>
    <ClCompile Include="InputLayout.cpp">
      <Filter>Resource\Vertex</Filter>
    </ClCompile>
    <ClCompile Include="Material.cpp">
      <Filter>Resource\Material</Filter>
    </ClCompile>
    <ClCompile Include="Effect.cpp">
      <Filter>Resource\Effect</Filter>
    </ClCompile>
    <ClCompile Include="TextManager.cpp" />
    <ClCompile Include="BasicEffect.cpp">
      <Filter>Resource\Effect</Filter>
    </ClCompile>
    <ClCompile Include="Crate.cpp">
      <Filter>Resource\Mesh</Filter>
    </ClCompile>
    <ClCompile Include="D3DRenderer.cpp">
      <Filter>Private\01.Renderer</Filter>
    </ClCompile>
    <ClCompile Include="RenderingPipeline.cpp">
      <Filter>Private\02.Pipeline</Filter>
    </ClCompile>
    <ClCompile Include="Camera.cpp">
      <Filter>Private\03.Camera</Filter>
    </ClCompile>
    <ClCompile Include="CameraObject.cpp">
      <Filter>Private\03.Camera</Filter>
    </ClCompile>
    <ClCompile Include="FileLoader.cpp">
      <Filter>Private\04.Loader</Filter>
    </ClCompile>
    <ClCompile Include="FL\DDSTextureLoader.cpp">
      <Filter>Private\04.Loader</Filter>
    </ClCompile>
    <ClCompile Include="ResourceManager.cpp">
      <Filter>Private\04.Loader</Filter>
    </ClCompile>
    <ClCompile Include="RendererPCH.cpp">
      <Filter>Private\00.Define</Filter>
    </ClCompile>
    <ClCompile Include="PipelineEnum.cpp">
      <Filter>Private\00.Define</Filter>
    </ClCompile>
  </ItemGroup>
  <ItemGroup>
    <ClInclude Include="Box.h">
      <Filter>Resource\Mesh\Geometry</Filter>
    </ClInclude>
    <ClInclude Include="Cylinder.h">
      <Filter>Resource\Mesh\Geometry</Filter>
    </ClInclude>
    <ClInclude Include="GeoSphere.h">
      <Filter>Resource\Mesh\Geometry</Filter>
    </ClInclude>
    <ClInclude Include="Sphere.h">
      <Filter>Resource\Mesh\Geometry</Filter>
    </ClInclude>
    <ClInclude Include="Grid.h">
      <Filter>Resource\Mesh\Gizumo</Filter>
    </ClInclude>
    <ClInclude Include="BaseAxis.h">
      <Filter>Resource\Mesh\Gizumo</Filter>
    </ClInclude>
    <ClInclude Include="Mesh.h">
      <Filter>Resource\Mesh</Filter>
    </ClInclude>
    <ClInclude Include="Light.h">
      <Filter>Resource\Light</Filter>
    </ClInclude>
    <ClInclude Include="Vertex.h">
      <Filter>Resource\Vertex</Filter>
    </ClInclude>
    <ClInclude Include="InputLayout.h">
      <Filter>Resource\Vertex</Filter>
    </ClInclude>
    <ClInclude Include="Material.h">
      <Filter>Resource\Material</Filter>
    </ClInclude>
    <ClInclude Include="Effect.h">
      <Filter>Resource\Effect</Filter>
    </ClInclude>
    <ClInclude Include="BasicEffect.h">
      <Filter>Resource\Effect</Filter>
    </ClInclude>
    <ClInclude Include="Crate.h">
      <Filter>Resource\Mesh</Filter>
    </ClInclude>
    <ClInclude Include="D3DRenderer.h">
      <Filter>Public\01.Renderer</Filter>
    </ClInclude>
    <ClInclude Include="RenderingPipeline.h">
      <Filter>Public\02.Pipeline</Filter>
    </ClInclude>
    <ClInclude Include="Camera.h">
      <Filter>Public\03.Camera</Filter>
    </ClInclude>
    <ClInclude Include="CameraObject.h">
      <Filter>Public\03.Camera</Filter>
    </ClInclude>
    <ClInclude Include="HRDefine.h">
      <Filter>Public\00.Define</Filter>
    </ClInclude>
    <ClInclude Include="RendererHeader.h">
      <Filter>Public\00.Define</Filter>
    </ClInclude>
    <ClInclude Include="RendererPCH.h">
      <Filter>Public\00.Define</Filter>
    </ClInclude>
    <ClInclude Include="FL\DDSTextureLoader.h">
      <Filter>Public\04.Loader</Filter>
    </ClInclude>
    <ClInclude Include="FileLoader.h">
      <Filter>Public\04.Loader</Filter>
    </ClInclude>
    <ClInclude Include="ResourceManager.h">
      <Filter>Public\04.Loader</Filter>
    </ClInclude>
    <ClInclude Include="TextManager.h">
      <Filter>Public\04.Loader</Filter>
    </ClInclude>
    <ClInclude Include="PipelineEnum.h">
      <Filter>Public\00.Define</Filter>
    </ClInclude>
  </ItemGroup>
</Project>