<?xml version="1.0" encoding="utf-8"?>
<Project ToolsVersion="4.0" xmlns="http://schemas.microsoft.com/developer/msbuild/2003">
  <ItemGroup>
    <Filter Include="Header">
      <UniqueIdentifier>{93995380-89BD-4b04-88EB-625FBE52EBFB}</UniqueIdentifier>
      <Extensions>h;hh;hpp;hxx;h++;hm;inl;inc;ipp;xsd</Extensions>
    </Filter>
    <Filter Include="Source">
      <UniqueIdentifier>{4FC737F1-C7A5-4376-A066-2A32D752A2FF}</UniqueIdentifier>
      <Extensions>cpp;c;cc;cxx;c++;cppm;ixx;def;odl;idl;hpj;bat;asm;asmx</Extensions>
    </Filter>
    <Filter Include="Header\01.Engine">
      <UniqueIdentifier>{7e783c54-ce6e-4496-acb7-fc5e6db210e1}</UniqueIdentifier>
    </Filter>
    <Filter Include="Source\01.Engine">
      <UniqueIdentifier>{c99e1bcd-3eb2-4a7b-bb72-47dbd6f02d71}</UniqueIdentifier>
    </Filter>
    <Filter Include="Header\02.Rendering">
      <UniqueIdentifier>{16bafd7d-bce5-4fb7-b11a-45669937b074}</UniqueIdentifier>
    </Filter>
    <Filter Include="Source\02.Rendering">
      <UniqueIdentifier>{a95cd6ac-b5ff-476a-b0ad-e6da5c4e7e20}</UniqueIdentifier>
    </Filter>
    <Filter Include="Header\03.Manager">
      <UniqueIdentifier>{0cb4b45c-df0a-4b0d-b1d9-111a2d46b24e}</UniqueIdentifier>
    </Filter>
    <Filter Include="Source\03.Manager">
      <UniqueIdentifier>{6da8193a-1655-48ac-8515-4bcbb8dbc7db}</UniqueIdentifier>
    </Filter>
    <Filter Include="Source\00.Define">
      <UniqueIdentifier>{4ed55eb7-cb9a-492b-aa82-273e772d0131}</UniqueIdentifier>
    </Filter>
    <Filter Include="Source\04.System">
      <UniqueIdentifier>{ec256f80-ff96-4d0f-b334-2576f92b3027}</UniqueIdentifier>
    </Filter>
    <Filter Include="Header\04.System">
      <UniqueIdentifier>{ec8c25af-a02d-4045-9471-d75d088cb65b}</UniqueIdentifier>
    </Filter>
  </ItemGroup>
  <ItemGroup>
    <ClInclude Include="ExportDefine.h" />
    <ClInclude Include="FireGameEnginepch.h">
      <Filter>Header</Filter>
    </ClInclude>
    <ClInclude Include="Engine.h">
      <Filter>Header\01.Engine</Filter>
    </ClInclude>
    <ClInclude Include="RenderingSystem.h">
      <Filter>Header\02.Rendering</Filter>
    </ClInclude>
    <ClInclude Include="TimeManager.h">
      <Filter>Header\03.Manager</Filter>
    </ClInclude>
    <ClInclude Include="InputManager.h">
      <Filter>Header\03.Manager</Filter>
    </ClInclude>
    <ClInclude Include="InputEnumClass.h">
      <Filter>Header\03.Manager</Filter>
    </ClInclude>
    <ClInclude Include="CameraSystem.h">
      <Filter>Header\04.System</Filter>
    </ClInclude>
  </ItemGroup>
  <ItemGroup>
    <ClCompile Include="dllmain.cpp" />
    <ClCompile Include="Engine.cpp">
      <Filter>Source\01.Engine</Filter>
    </ClCompile>
    <ClCompile Include="RenderingSystem.cpp">
      <Filter>Source\02.Rendering</Filter>
    </ClCompile>
    <ClCompile Include="InputManager.cpp">
      <Filter>Source\03.Manager</Filter>
    </ClCompile>
    <ClCompile Include="TimeManager.cpp">
      <Filter>Source\03.Manager</Filter>
    </ClCompile>
    <ClCompile Include="DefineReflection.cpp">
      <Filter>Source\00.Define</Filter>
    </ClCompile>
    <ClCompile Include="CameraSystem.cpp">
      <Filter>Source\04.System</Filter>
    </ClCompile>
  </ItemGroup>
</Project>