<?xml version="1.0" encoding="utf-8"?>
<Project ToolsVersion="4.0" xmlns="http://schemas.microsoft.com/developer/msbuild/2003">
  <ItemGroup>
    <Filter Include="ECS">
      <UniqueIdentifier>{417b3372-75b7-4383-8b9f-0848af086662}</UniqueIdentifier>
    </Filter>
    <Filter Include="ECS\Source">
      <UniqueIdentifier>{4FC737F1-C7A5-4376-A066-2A32D752A2FF}</UniqueIdentifier>
      <Extensions>cpp;c;cc;cxx;c++;cppm;ixx;def;odl;idl;hpj;bat;asm;asmx</Extensions>
    </Filter>
    <Filter Include="ECS\Source\01.World">
      <UniqueIdentifier>{5e06e4f4-0f47-4f1c-bb5c-2b25fe77a2ea}</UniqueIdentifier>
    </Filter>
    <Filter Include="ECS\Source\02.Entity">
      <UniqueIdentifier>{d4346fe7-e32a-4aa5-91ce-dfc74a07d5ce}</UniqueIdentifier>
    </Filter>
    <Filter Include="ECS\Source\03.Component">
      <UniqueIdentifier>{174a6f00-ff05-4389-8441-f272d8b8f98e}</UniqueIdentifier>
    </Filter>
    <Filter Include="ECS\Source\04.System">
      <UniqueIdentifier>{b8b3d014-df1a-43f7-bba3-8ff2c27c6c66}</UniqueIdentifier>
    </Filter>
    <Filter Include="ECS\Source\05.Events">
      <UniqueIdentifier>{3733a08c-907b-4acd-8a07-7dc8e3001ce2}</UniqueIdentifier>
    </Filter>
    <Filter Include="ECS\Header">
      <UniqueIdentifier>{93995380-89BD-4b04-88EB-625FBE52EBFB}</UniqueIdentifier>
      <Extensions>h;hh;hpp;hxx;h++;hm;inl;inc;ipp;xsd</Extensions>
    </Filter>
    <Filter Include="ECS\Header\01.World">
      <UniqueIdentifier>{945f105b-b9ea-4e97-a08a-8a33a7a29bc2}</UniqueIdentifier>
    </Filter>
    <Filter Include="ECS\Header\02.Entity">
      <UniqueIdentifier>{42f914c4-4fea-4ff9-939a-3ef9d3b24f98}</UniqueIdentifier>
    </Filter>
    <Filter Include="ECS\Header\03.Component">
      <UniqueIdentifier>{a968e919-5752-4865-a818-84f59172901e}</UniqueIdentifier>
    </Filter>
    <Filter Include="ECS\Header\04.System">
      <UniqueIdentifier>{a07b3234-1b5e-4c40-9acc-c8d251d0d726}</UniqueIdentifier>
    </Filter>
    <Filter Include="ECS\Header\00.Define">
      <UniqueIdentifier>{78eb67f7-7cda-4306-9e25-9c48e565c61c}</UniqueIdentifier>
    </Filter>
    <Filter Include="ECS\Header\05.Events">
      <UniqueIdentifier>{c92dd641-f661-44bf-bdf8-7482d834eacb}</UniqueIdentifier>
    </Filter>
    <Filter Include="BaseComponent">
      <UniqueIdentifier>{16c57262-52f0-43df-9949-cd6697b9e087}</UniqueIdentifier>
    </Filter>
    <Filter Include="BaseComponent\Source">
      <UniqueIdentifier>{38eb71d5-86dd-43fc-a633-d1ad0444d29d}</UniqueIdentifier>
    </Filter>
    <Filter Include="BaseComponent\Header">
      <UniqueIdentifier>{7073f233-100c-4987-a788-ad48d508927c}</UniqueIdentifier>
    </Filter>
    <Filter Include="SceneManager">
      <UniqueIdentifier>{0b38575f-565e-4edb-b734-47f8811f82dd}</UniqueIdentifier>
    </Filter>
    <Filter Include="Serialize">
      <UniqueIdentifier>{879deeb7-c307-4bc4-aca8-9d166ee4d29f}</UniqueIdentifier>
    </Filter>
    <Filter Include="Reflection">
      <UniqueIdentifier>{1877bd2d-b245-4de3-9dcb-4b70ac5ed7d9}</UniqueIdentifier>
    </Filter>
    <Filter Include="Reflection\header">
      <UniqueIdentifier>{812e422d-c8ac-488b-a62d-abb9b64b2119}</UniqueIdentifier>
    </Filter>
    <Filter Include="Reflection\header\00.Define">
      <UniqueIdentifier>{1206d8db-770c-4197-8215-592c315b3d64}</UniqueIdentifier>
    </Filter>
    <Filter Include="Reflection\header\03.TypeMap">
      <UniqueIdentifier>{4ab4e4f0-5af0-49b6-9aca-133409ddad49}</UniqueIdentifier>
    </Filter>
    <Filter Include="Reflection\header\04.Helper">
      <UniqueIdentifier>{625203cf-1161-488d-a404-894323d79289}</UniqueIdentifier>
    </Filter>
    <Filter Include="Reflection\header\02.TypeResolver">
      <UniqueIdentifier>{e93ce607-8a62-497b-bf32-a4e36dcb442c}</UniqueIdentifier>
    </Filter>
    <Filter Include="Reflection\header\01.TypeDescriptor">
      <UniqueIdentifier>{2d968e52-fd59-4387-9852-df13f7fa9892}</UniqueIdentifier>
    </Filter>
    <Filter Include="Reflection\src">
      <UniqueIdentifier>{76adc4ad-96d4-4146-9f6e-39a181b1cd56}</UniqueIdentifier>
    </Filter>
    <Filter Include="Reflection\src\01.TypeDescriptor">
      <UniqueIdentifier>{b638d9a4-ca36-47bc-94b0-6c4878bf23a2}</UniqueIdentifier>
    </Filter>
    <Filter Include="Reflection\src\02.TypeResolver">
      <UniqueIdentifier>{74e31234-dd94-4a4e-9420-3aace77fb4a1}</UniqueIdentifier>
    </Filter>
    <Filter Include="Reflection\src\03.TypeMap">
      <UniqueIdentifier>{1ddd8b22-1741-46e1-88bb-d92b2f4b4514}</UniqueIdentifier>
    </Filter>
    <Filter Include="Reflection\src\04.Helper">
      <UniqueIdentifier>{379e8242-c408-4cff-bae7-ec921512027c}</UniqueIdentifier>
    </Filter>
  </ItemGroup>
  <ItemGroup>
    <ClInclude Include="World.h">
      <Filter>ECS\Header\01.World</Filter>
    </ClInclude>
    <ClInclude Include="Entity.h">
      <Filter>ECS\Header\02.Entity</Filter>
    </ClInclude>
    <ClInclude Include="IComponentContainer.h">
      <Filter>ECS\Header\03.Component</Filter>
    </ClInclude>
    <ClInclude Include="ComponentHandle.h">
      <Filter>ECS\Header\03.Component</Filter>
    </ClInclude>
    <ClInclude Include="ComponentContainer.h">
      <Filter>ECS\Header\03.Component</Filter>
    </ClInclude>
    <ClInclude Include="IEntitySystem.h">
      <Filter>ECS\Header\04.System</Filter>
    </ClInclude>
    <ClInclude Include="ECSDefine.h">
      <Filter>ECS\Header\00.Define</Filter>
    </ClInclude>
    <ClInclude Include="TypeIndex.h">
      <Filter>ECS\Header\00.Define</Filter>
    </ClInclude>
    <ClInclude Include="ISubscriber.h">
      <Filter>ECS\Header\04.System</Filter>
    </ClInclude>
    <ClInclude Include="EventSubscriber.h">
      <Filter>ECS\Header\04.System</Filter>
    </ClInclude>
    <ClInclude Include="Event.h">
      <Filter>ECS\Header\05.Events</Filter>
    </ClInclude>
    <ClInclude Include="EntityComponentView.h">
      <Filter>ECS\Header\02.Entity</Filter>
    </ClInclude>
    <ClInclude Include="EntityComponentIterator.h">
      <Filter>ECS\Header\02.Entity</Filter>
    </ClInclude>
    <ClInclude Include="EntityView.h">
      <Filter>ECS\Header\02.Entity</Filter>
    </ClInclude>
    <ClInclude Include="EntityIterator.h">
      <Filter>ECS\Header\02.Entity</Filter>
    </ClInclude>
    <ClInclude Include="Name.h">
      <Filter>BaseComponent\Header</Filter>
    </ClInclude>
    <ClInclude Include="ComponentHeader.h">
      <Filter>BaseComponent</Filter>
    </ClInclude>
    <ClInclude Include="Transform.h">
      <Filter>BaseComponent\Header</Filter>
    </ClInclude>
    <ClInclude Include="Vector3.h">
      <Filter>BaseComponent\Header</Filter>
    </ClInclude>
    <ClInclude Include="OBJECT_TYPE.h">
      <Filter>BaseComponent\Header</Filter>
    </ClInclude>
    <ClInclude Include="TypeCheck.h">
      <Filter>Reflection\header\01.TypeDescriptor</Filter>
    </ClInclude>
    <ClInclude Include="TypeDescriptor.h">
      <Filter>Reflection\header\01.TypeDescriptor</Filter>
    </ClInclude>
    <ClInclude Include="TypeDescriptor_EnumClass.h">
      <Filter>Reflection\header\01.TypeDescriptor</Filter>
    </ClInclude>
    <ClInclude Include="TypeDescriptor_Primitive.h">
      <Filter>Reflection\header\01.TypeDescriptor</Filter>
    </ClInclude>
    <ClInclude Include="TypeDescriptor_StdString.h">
      <Filter>Reflection\header\01.TypeDescriptor</Filter>
    </ClInclude>
    <ClInclude Include="TypeDescriptor_StdVector.h">
      <Filter>Reflection\header\01.TypeDescriptor</Filter>
    </ClInclude>
    <ClInclude Include="TypeDescriptor_Struct.h">
      <Filter>Reflection\header\01.TypeDescriptor</Filter>
    </ClInclude>
    <ClInclude Include="ITypeResolver.h">
      <Filter>Reflection\header\02.TypeResolver</Filter>
    </ClInclude>
    <ClInclude Include="TypeResolver.h">
      <Filter>Reflection\header\02.TypeResolver</Filter>
    </ClInclude>
    <ClInclude Include="TypeResolver_StdVector.h">
      <Filter>Reflection\header\02.TypeResolver</Filter>
    </ClInclude>
    <ClInclude Include="Macro.h">
      <Filter>Reflection\header\00.Define</Filter>
    </ClInclude>
    <ClInclude Include="ReflectionHeader.h">
      <Filter>Reflection</Filter>
    </ClInclude>
    <ClInclude Include="TypeMap.h">
      <Filter>Reflection\header\03.TypeMap</Filter>
    </ClInclude>
    <ClInclude Include="ReflectCheck.h">
      <Filter>Reflection\header\04.Helper</Filter>
    </ClInclude>
    <ClInclude Include="StirngHelper.h">
      <Filter>Reflection\header\04.Helper</Filter>
    </ClInclude>
    <ClInclude Include="Serializer.h">
      <Filter>Serialize</Filter>
    </ClInclude>
    <ClInclude Include="Player.h">
      <Filter>ECS\Header</Filter>
    </ClInclude>
  </ItemGroup>
  <ItemGroup>
    <ClCompile Include="World.cpp">
      <Filter>ECS\Source\01.World</Filter>
    </ClCompile>
    <ClCompile Include="Entity.cpp">
      <Filter>ECS\Source\02.Entity</Filter>
    </ClCompile>
    <ClCompile Include="ComponentHandle.cpp">
      <Filter>ECS\Source\03.Component</Filter>
    </ClCompile>
    <ClCompile Include="IComponentContainer.cpp">
      <Filter>ECS\Source\03.Component</Filter>
    </ClCompile>
    <ClCompile Include="IEntitySystem.cpp">
      <Filter>ECS\Source\04.System</Filter>
    </ClCompile>
    <ClCompile Include="EventSubscriber.cpp">
      <Filter>ECS\Source\04.System</Filter>
    </ClCompile>
    <ClCompile Include="ISubscriber.cpp">
      <Filter>ECS\Source\04.System</Filter>
    </ClCompile>
    <ClCompile Include="Event.cpp">
      <Filter>ECS\Source\05.Events</Filter>
    </ClCompile>
    <ClCompile Include="EntityComponentView.cpp">
      <Filter>ECS\Source\02.Entity</Filter>
    </ClCompile>
    <ClCompile Include="EntityComponentIterator.cpp">
      <Filter>ECS\Source\02.Entity</Filter>
    </ClCompile>
    <ClCompile Include="EntityIterator.cpp">
      <Filter>ECS\Source\02.Entity</Filter>
    </ClCompile>
    <ClCompile Include="EntityView.cpp">
      <Filter>ECS\Source\02.Entity</Filter>
    </ClCompile>
    <ClCompile Include="Name.cpp">
      <Filter>BaseComponent\Source</Filter>
    </ClCompile>
    <ClCompile Include="Transform.cpp">
      <Filter>BaseComponent\Source</Filter>
    </ClCompile>
    <ClCompile Include="Vector3.cpp">
      <Filter>BaseComponent\Source</Filter>
    </ClCompile>
    <ClCompile Include="OBJECT_TYPE.cpp">
      <Filter>BaseComponent\Source</Filter>
    </ClCompile>
    <ClCompile Include="TypeDescriptor.cpp">
      <Filter>Reflection\src\01.TypeDescriptor</Filter>
    </ClCompile>
    <ClCompile Include="TypeDescriptor_EnumClass.cpp">
      <Filter>Reflection\src\01.TypeDescriptor</Filter>
    </ClCompile>
    <ClCompile Include="TypeDescriptor_Primitive.cpp">
      <Filter>Reflection\src\01.TypeDescriptor</Filter>
    </ClCompile>
    <ClCompile Include="TypeDescriptor_StdString.cpp">
      <Filter>Reflection\src\01.TypeDescriptor</Filter>
    </ClCompile>
    <ClCompile Include="TypeDescriptor_StdVector.cpp">
      <Filter>Reflection\src\01.TypeDescriptor</Filter>
    </ClCompile>
    <ClCompile Include="TypeDescriptor_Struct.cpp">
      <Filter>Reflection\src\01.TypeDescriptor</Filter>
    </ClCompile>
    <ClCompile Include="TypeResolver_Vector.cpp">
      <Filter>Reflection\src\02.TypeResolver</Filter>
    </ClCompile>
    <ClCompile Include="TypeResolver.cpp">
      <Filter>Reflection\src\02.TypeResolver</Filter>
    </ClCompile>
    <ClCompile Include="ITypeResolver.cpp">
      <Filter>Reflection\src\02.TypeResolver</Filter>
    </ClCompile>
    <ClCompile Include="TypeMap.cpp">
      <Filter>Reflection\src\03.TypeMap</Filter>
    </ClCompile>
    <ClCompile Include="StirngHelper.cpp">
      <Filter>Reflection\src\04.Helper</Filter>
    </ClCompile>
    <ClCompile Include="ReflectCheck.cpp">
      <Filter>Reflection\src\04.Helper</Filter>
    </ClCompile>
    <ClCompile Include="Serializer.cpp">
      <Filter>Serialize</Filter>
    </ClCompile>
    <ClCompile Include="Player.cpp">
      <Filter>ECS\Source</Filter>
    </ClCompile>
  </ItemGroup>
</Project>