<?xml version="1.0" encoding="utf-8"?>
<Project ToolsVersion="4.0" xmlns="http://schemas.microsoft.com/developer/msbuild/2003">
  <ItemGroup>
    <Filter Include="private">
      <UniqueIdentifier>{4FC737F1-C7A5-4376-A066-2A32D752A2FF}</UniqueIdentifier>
      <Extensions>cpp;c;cc;cxx;c++;cppm;ixx;def;odl;idl;hpj;bat;asm;asmx</Extensions>
    </Filter>
    <Filter Include="public">
      <UniqueIdentifier>{93995380-89BD-4b04-88EB-625FBE52EBFB}</UniqueIdentifier>
      <Extensions>h;hh;hpp;hxx;h++;hm;inl;inc;ipp;xsd</Extensions>
    </Filter>
    <Filter Include="private\imgui">
      <UniqueIdentifier>{0da548d1-ae2b-4a63-9371-2615a813e22d}</UniqueIdentifier>
    </Filter>
    <Filter Include="public\imgui">
      <UniqueIdentifier>{01fb3442-ab3f-4370-8f02-5f9655aafa7b}</UniqueIdentifier>
    </Filter>
    <Filter Include="private\Editor">
      <UniqueIdentifier>{3a3c815e-5746-40b9-9a4a-9f3d6584f806}</UniqueIdentifier>
    </Filter>
    <Filter Include="public\Editor">
      <UniqueIdentifier>{64edbf33-d419-43a9-a42f-7c8103789c1d}</UniqueIdentifier>
    </Filter>
    <Filter Include="public\Interface">
      <UniqueIdentifier>{f94f1494-f5bd-4607-8a72-0239531f9940}</UniqueIdentifier>
    </Filter>
  </ItemGroup>
  <ItemGroup>
    <ClInclude Include="imstb_truetype.h">
      <Filter>public\imgui</Filter>
    </ClInclude>
    <ClInclude Include="imstb_rectpack.h">
      <Filter>public\imgui</Filter>
    </ClInclude>
    <ClInclude Include="imstb_textedit.h">
      <Filter>public\imgui</Filter>
    </ClInclude>
    <ClInclude Include="imgui_internal.h">
      <Filter>public\imgui</Filter>
    </ClInclude>
    <ClInclude Include="imgui_impl_win32.h">
      <Filter>public\imgui</Filter>
    </ClInclude>
    <ClInclude Include="imgui_impl_dx11.h">
      <Filter>public\imgui</Filter>
    </ClInclude>
    <ClInclude Include="imgui.h">
      <Filter>public\imgui</Filter>
    </ClInclude>
    <ClInclude Include="imconfig.h">
      <Filter>public\imgui</Filter>
    </ClInclude>
    <ClInclude Include="ComponentEditor.h">
      <Filter>public\Editor</Filter>
    </ClInclude>
    <ClInclude Include="EntityEditor.h">
      <Filter>public\Editor</Filter>
    </ClInclude>
    <ClInclude Include="SystemEditor.h">
      <Filter>public\Editor</Filter>
    </ClInclude>
    <ClInclude Include="IToolModule.h">
      <Filter>public\Interface</Filter>
    </ClInclude>
    <ClInclude Include="FireEditor.h">
      <Filter>public\Editor</Filter>
    </ClInclude>
    <ClInclude Include="ToolModuleHeader.h" />
    <ClInclude Include="ToolModulepch.h">
      <Filter>public</Filter>
    </ClInclude>
    <ClInclude Include="ScreenInfo.h">
      <Filter>public</Filter>
    </ClInclude>
  </ItemGroup>
  <ItemGroup>
    <ClCompile Include="imgui_widgets.cpp">
      <Filter>private\imgui</Filter>
    </ClCompile>
    <ClCompile Include="imgui.cpp">
      <Filter>private\imgui</Filter>
    </ClCompile>
    <ClCompile Include="imgui_demo.cpp">
      <Filter>private\imgui</Filter>
    </ClCompile>
    <ClCompile Include="imgui_draw.cpp">
      <Filter>private\imgui</Filter>
    </ClCompile>
    <ClCompile Include="imgui_impl_dx11.cpp">
      <Filter>private\imgui</Filter>
    </ClCompile>
    <ClCompile Include="imgui_impl_win32.cpp">
      <Filter>private\imgui</Filter>
    </ClCompile>
    <ClCompile Include="imgui_tables.cpp">
      <Filter>private\imgui</Filter>
    </ClCompile>
    <ClCompile Include="IToolModule.cpp">
      <Filter>private</Filter>
    </ClCompile>
    <ClCompile Include="ComponentEditor.cpp">
      <Filter>private\Editor</Filter>
    </ClCompile>
    <ClCompile Include="EntityEditor.cpp">
      <Filter>private\Editor</Filter>
    </ClCompile>
    <ClCompile Include="SystemEditor.cpp">
      <Filter>private\Editor</Filter>
    </ClCompile>
    <ClCompile Include="FireEditor.cpp">
      <Filter>private\Editor</Filter>
    </ClCompile>
    <ClCompile Include="ScreenInfo.cpp">
      <Filter>private</Filter>
    </ClCompile>
  </ItemGroup>
</Project>