<?xml version="1.0" encoding="utf-8"?>
<Project ToolsVersion="17.0" xmlns="http://schemas.microsoft.com/developer/msbuild/2003">
  <ItemGroup>
    <ClCompile Include="C:\Users\rlxo8\Downloads\rttr-master\rttr-master\src\rttr\pch.cpp">
      <Filter>Generated Files</Filter>
    </ClCompile>
    <ClCompile Include="C:\Users\rlxo8\Downloads\rttr-master\rttr-master\src\rttr\constructor.cpp">
      <Filter>Source Files</Filter>
    </ClCompile>
    <ClCompile Include="C:\Users\rlxo8\Downloads\rttr-master\rttr-master\src\rttr\destructor.cpp">
      <Filter>Source Files</Filter>
    </ClCompile>
    <ClCompile Include="C:\Users\rlxo8\Downloads\rttr-master\rttr-master\src\rttr\enumeration.cpp">
      <Filter>Source Files</Filter>
    </ClCompile>
    <ClCompile Include="C:\Users\rlxo8\Downloads\rttr-master\rttr-master\src\rttr\library.cpp">
      <Filter>Source Files</Filter>
    </ClCompile>
    <ClCompile Include="C:\Users\rlxo8\Downloads\rttr-master\rttr-master\src\rttr\method.cpp">
      <Filter>Source Files</Filter>
    </ClCompile>
    <ClCompile Include="C:\Users\rlxo8\Downloads\rttr-master\rttr-master\src\rttr\parameter_info.cpp">
      <Filter>Source Files</Filter>
    </ClCompile>
    <ClCompile Include="C:\Users\rlxo8\Downloads\rttr-master\rttr-master\src\rttr\policy.cpp">
      <Filter>Source Files</Filter>
    </ClCompile>
    <ClCompile Include="C:\Users\rlxo8\Downloads\rttr-master\rttr-master\src\rttr\property.cpp">
      <Filter>Source Files</Filter>
    </ClCompile>
    <ClCompile Include="C:\Users\rlxo8\Downloads\rttr-master\rttr-master\src\rttr\registration.cpp">
      <Filter>Source Files</Filter>
    </ClCompile>
    <ClCompile Include="C:\Users\rlxo8\Downloads\rttr-master\rttr-master\src\rttr\type.cpp">
      <Filter>Source Files</Filter>
    </ClCompile>
    <ClCompile Include="C:\Users\rlxo8\Downloads\rttr-master\rttr-master\src\rttr\variant.cpp">
      <Filter>Source Files</Filter>
    </ClCompile>
    <ClCompile Include="C:\Users\rlxo8\Downloads\rttr-master\rttr-master\src\rttr\variant_associative_view.cpp">
      <Filter>Source Files</Filter>
    </ClCompile>
    <ClCompile Include="C:\Users\rlxo8\Downloads\rttr-master\rttr-master\src\rttr\variant_sequential_view.cpp">
      <Filter>Source Files</Filter>
    </ClCompile>
    <ClCompile Include="C:\Users\rlxo8\Downloads\rttr-master\rttr-master\src\rttr\visitor.cpp">
      <Filter>Source Files</Filter>
    </ClCompile>
    <ClCompile Include="C:\Users\rlxo8\Downloads\rttr-master\rttr-master\src\rttr\detail\comparison\compare_equal.cpp">
      <Filter>detail\comparison</Filter>
    </ClCompile>
    <ClCompile Include="C:\Users\rlxo8\Downloads\rttr-master\rttr-master\src\rttr\detail\comparison\compare_less.cpp">
      <Filter>detail\comparison</Filter>
    </ClCompile>
    <ClCompile Include="C:\Users\rlxo8\Downloads\rttr-master\rttr-master\src\rttr\detail\misc\standard_types.cpp">
      <Filter>detail\misc</Filter>
    </ClCompile>
    <ClCompile Include="C:\Users\rlxo8\Downloads\rttr-master\rttr-master\src\rttr\detail\conversion\std_conversion_functions.cpp">
      <Filter>detail\conversion</Filter>
    </ClCompile>
    <ClCompile Include="C:\Users\rlxo8\Downloads\rttr-master\rttr-master\src\rttr\detail\constructor\constructor_wrapper_base.cpp">
      <Filter>detail\constructor</Filter>
    </ClCompile>
    <ClCompile Include="C:\Users\rlxo8\Downloads\rttr-master\rttr-master\src\rttr\detail\destructor\destructor_wrapper_base.cpp">
      <Filter>detail\destructor</Filter>
    </ClCompile>
    <ClCompile Include="C:\Users\rlxo8\Downloads\rttr-master\rttr-master\src\rttr\detail\enumeration\enumeration_helper.cpp">
      <Filter>detail\enumeration</Filter>
    </ClCompile>
    <ClCompile Include="C:\Users\rlxo8\Downloads\rttr-master\rttr-master\src\rttr\detail\enumeration\enumeration_wrapper_base.cpp">
      <Filter>detail\enumeration</Filter>
    </ClCompile>
    <ClCompile Include="C:\Users\rlxo8\Downloads\rttr-master\rttr-master\src\rttr\detail\library\library_win.cpp">
      <Filter>detail\library</Filter>
    </ClCompile>
    <ClCompile Include="C:\Users\rlxo8\Downloads\rttr-master\rttr-master\src\rttr\detail\library\library_unix.cpp">
      <Filter>detail\library</Filter>
    </ClCompile>
    <ClCompile Include="C:\Users\rlxo8\Downloads\rttr-master\rttr-master\src\rttr\detail\method\method_wrapper_base.cpp">
      <Filter>detail\method</Filter>
    </ClCompile>
    <ClCompile Include="C:\Users\rlxo8\Downloads\rttr-master\rttr-master\src\rttr\detail\parameter_info\parameter_info_wrapper_base.cpp">
      <Filter>detail\parameter_info</Filter>
    </ClCompile>
    <ClCompile Include="C:\Users\rlxo8\Downloads\rttr-master\rttr-master\src\rttr\detail\property\property_wrapper_base.cpp">
      <Filter>detail\property</Filter>
    </ClCompile>
    <ClCompile Include="C:\Users\rlxo8\Downloads\rttr-master\rttr-master\src\rttr\detail\registration\registration_executer.cpp">
      <Filter>detail\registration</Filter>
    </ClCompile>
    <ClCompile Include="C:\Users\rlxo8\Downloads\rttr-master\rttr-master\src\rttr\detail\registration\registration_state_saver.cpp">
      <Filter>detail\registration</Filter>
    </ClCompile>
    <ClCompile Include="C:\Users\rlxo8\Downloads\rttr-master\rttr-master\src\rttr\detail\type\type_data.cpp">
      <Filter>detail\type</Filter>
    </ClCompile>
    <ClCompile Include="C:\Users\rlxo8\Downloads\rttr-master\rttr-master\src\rttr\detail\type\type_register.cpp">
      <Filter>detail\type</Filter>
    </ClCompile>
    <ClCompile Include="C:\Users\rlxo8\Downloads\rttr-master\rttr-master\src\rttr\detail\variant\variant_compare.cpp">
      <Filter>detail\variant</Filter>
    </ClCompile>
  </ItemGroup>
  <ItemGroup>
    <ClInclude Include="C:\Users\rlxo8\Downloads\rttr-master\rttr-master\src\rttr\detail\base\pch.h">
      <Filter>detail\base</Filter>
    </ClInclude>
    <ClInclude Include="C:\Users\rlxo8\Downloads\rttr-master\rttr-master\src\rttr\detail\base\version.h">
      <Filter>detail\base</Filter>
    </ClInclude>
    <ClInclude Include="C:\Users\rlxo8\Downloads\rttr-master\rttr-master\src\rttr\access_levels.h">
      <Filter>Header Files</Filter>
    </ClInclude>
    <ClInclude Include="C:\Users\rlxo8\Downloads\rttr-master\rttr-master\src\rttr\argument.h">
      <Filter>Header Files</Filter>
    </ClInclude>
    <ClInclude Include="C:\Users\rlxo8\Downloads\rttr-master\rttr-master\src\rttr\array_range.h">
      <Filter>Header Files</Filter>
    </ClInclude>
    <ClInclude Include="C:\Users\rlxo8\Downloads\rttr-master\rttr-master\src\rttr\associative_mapper.h">
      <Filter>Header Files</Filter>
    </ClInclude>
    <ClInclude Include="C:\Users\rlxo8\Downloads\rttr-master\rttr-master\src\rttr\constructor.h">
      <Filter>Header Files</Filter>
    </ClInclude>
    <ClInclude Include="C:\Users\rlxo8\Downloads\rttr-master\rttr-master\src\rttr\destructor.h">
      <Filter>Header Files</Filter>
    </ClInclude>
    <ClInclude Include="C:\Users\rlxo8\Downloads\rttr-master\rttr-master\src\rttr\enumeration.h">
      <Filter>Header Files</Filter>
    </ClInclude>
    <ClInclude Include="C:\Users\rlxo8\Downloads\rttr-master\rttr-master\src\rttr\enum_flags.h">
      <Filter>Header Files</Filter>
    </ClInclude>
    <ClInclude Include="C:\Users\rlxo8\Downloads\rttr-master\rttr-master\src\rttr\filter_item.h">
      <Filter>Header Files</Filter>
    </ClInclude>
    <ClInclude Include="C:\Users\rlxo8\Downloads\rttr-master\rttr-master\src\rttr\instance.h">
      <Filter>Header Files</Filter>
    </ClInclude>
    <ClInclude Include="C:\Users\rlxo8\Downloads\rttr-master\rttr-master\src\rttr\library.h">
      <Filter>Header Files</Filter>
    </ClInclude>
    <ClInclude Include="C:\Users\rlxo8\Downloads\rttr-master\rttr-master\src\rttr\method.h">
      <Filter>Header Files</Filter>
    </ClInclude>
    <ClInclude Include="C:\Users\rlxo8\Downloads\rttr-master\rttr-master\src\rttr\policy.h">
      <Filter>Header Files</Filter>
    </ClInclude>
    <ClInclude Include="C:\Users\rlxo8\Downloads\rttr-master\rttr-master\src\rttr\property.h">
      <Filter>Header Files</Filter>
    </ClInclude>
    <ClInclude Include="C:\Users\rlxo8\Downloads\rttr-master\rttr-master\src\rttr\parameter_info.h">
      <Filter>Header Files</Filter>
    </ClInclude>
    <ClInclude Include="C:\Users\rlxo8\Downloads\rttr-master\rttr-master\src\rttr\registration.h">
      <Filter>Header Files</Filter>
    </ClInclude>
    <ClInclude Include="C:\Users\rlxo8\Downloads\rttr-master\rttr-master\src\rttr\registration_friend.h">
      <Filter>Header Files</Filter>
    </ClInclude>
    <ClInclude Include="C:\Users\rlxo8\Downloads\rttr-master\rttr-master\src\rttr\sequential_mapper.h">
      <Filter>Header Files</Filter>
    </ClInclude>
    <ClInclude Include="C:\Users\rlxo8\Downloads\rttr-master\rttr-master\src\rttr\string_view.h">
      <Filter>Header Files</Filter>
    </ClInclude>
    <ClInclude Include="C:\Users\rlxo8\Downloads\rttr-master\rttr-master\src\rttr\rttr_cast.h">
      <Filter>Header Files</Filter>
    </ClInclude>
    <ClInclude Include="C:\Users\rlxo8\Downloads\rttr-master\rttr-master\src\rttr\rttr_enable.h">
      <Filter>Header Files</Filter>
    </ClInclude>
    <ClInclude Include="C:\Users\rlxo8\Downloads\rttr-master\rttr-master\src\rttr\type.h">
      <Filter>Header Files</Filter>
    </ClInclude>
    <ClInclude Include="C:\Users\rlxo8\Downloads\rttr-master\rttr-master\src\rttr\type_list.h">
      <Filter>Header Files</Filter>
    </ClInclude>
    <ClInclude Include="C:\Users\rlxo8\Downloads\rttr-master\rttr-master\src\rttr\variant.h">
      <Filter>Header Files</Filter>
    </ClInclude>
    <ClInclude Include="C:\Users\rlxo8\Downloads\rttr-master\rttr-master\src\rttr\variant_associative_view.h">
      <Filter>Header Files</Filter>
    </ClInclude>
    <ClInclude Include="C:\Users\rlxo8\Downloads\rttr-master\rttr-master\src\rttr\variant_sequential_view.h">
      <Filter>Header Files</Filter>
    </ClInclude>
    <ClInclude Include="C:\Users\rlxo8\Downloads\rttr-master\rttr-master\src\rttr\visitor.h">
      <Filter>Header Files</Filter>
    </ClInclude>
    <ClInclude Include="C:\Users\rlxo8\Downloads\rttr-master\rttr-master\src\rttr\wrapper_mapper.h">
      <Filter>Header Files</Filter>
    </ClInclude>
    <ClInclude Include="C:\Users\rlxo8\Downloads\rttr-master\rttr-master\src\rttr\detail\base\core_prerequisites.h">
      <Filter>detail\base</Filter>
    </ClInclude>
    <ClInclude Include="C:\Users\rlxo8\Downloads\rttr-master\rttr-master\src\rttr\detail\comparison\comparable_types.h">
      <Filter>detail\comparison</Filter>
    </ClInclude>
    <ClInclude Include="C:\Users\rlxo8\Downloads\rttr-master\rttr-master\src\rttr\detail\comparison\compare_array_less.h">
      <Filter>detail\comparison</Filter>
    </ClInclude>
    <ClInclude Include="C:\Users\rlxo8\Downloads\rttr-master\rttr-master\src\rttr\detail\comparison\compare_array_less_impl.h">
      <Filter>detail\comparison</Filter>
    </ClInclude>
    <ClInclude Include="C:\Users\rlxo8\Downloads\rttr-master\rttr-master\src\rttr\detail\comparison\compare_array_equal.h">
      <Filter>detail\comparison</Filter>
    </ClInclude>
    <ClInclude Include="C:\Users\rlxo8\Downloads\rttr-master\rttr-master\src\rttr\detail\comparison\compare_array_equal_impl.h">
      <Filter>detail\comparison</Filter>
    </ClInclude>
    <ClInclude Include="C:\Users\rlxo8\Downloads\rttr-master\rttr-master\src\rttr\detail\comparison\compare_equal.h">
      <Filter>detail\comparison</Filter>
    </ClInclude>
    <ClInclude Include="C:\Users\rlxo8\Downloads\rttr-master\rttr-master\src\rttr\detail\comparison\compare_equal_impl.h">
      <Filter>detail\comparison</Filter>
    </ClInclude>
    <ClInclude Include="C:\Users\rlxo8\Downloads\rttr-master\rttr-master\src\rttr\detail\comparison\compare_less.h">
      <Filter>detail\comparison</Filter>
    </ClInclude>
    <ClInclude Include="C:\Users\rlxo8\Downloads\rttr-master\rttr-master\src\rttr\detail\comparison\compare_less_impl.h">
      <Filter>detail\comparison</Filter>
    </ClInclude>
    <ClInclude Include="C:\Users\rlxo8\Downloads\rttr-master\rttr-master\src\rttr\detail\constructor\constructor_invoker.h">
      <Filter>detail\constructor</Filter>
    </ClInclude>
    <ClInclude Include="C:\Users\rlxo8\Downloads\rttr-master\rttr-master\src\rttr\detail\constructor\constructor_wrapper.h">
      <Filter>detail\constructor</Filter>
    </ClInclude>
    <ClInclude Include="C:\Users\rlxo8\Downloads\rttr-master\rttr-master\src\rttr\detail\constructor\constructor_wrapper_defaults.h">
      <Filter>detail\constructor</Filter>
    </ClInclude>
    <ClInclude Include="C:\Users\rlxo8\Downloads\rttr-master\rttr-master\src\rttr\detail\constructor\constructor_wrapper_base.h">
      <Filter>detail\constructor</Filter>
    </ClInclude>
    <ClInclude Include="C:\Users\rlxo8\Downloads\rttr-master\rttr-master\src\rttr\detail\conversion\std_conversion_functions.h">
      <Filter>detail\conversion</Filter>
    </ClInclude>
    <ClInclude Include="C:\Users\rlxo8\Downloads\rttr-master\rttr-master\src\rttr\detail\conversion\number_conversion.h">
      <Filter>detail\conversion</Filter>
    </ClInclude>
    <ClInclude Include="C:\Users\rlxo8\Downloads\rttr-master\rttr-master\src\rttr\detail\default_arguments\default_arguments.h">
      <Filter>detail\default_arguments</Filter>
    </ClInclude>
    <ClInclude Include="C:\Users\rlxo8\Downloads\rttr-master\rttr-master\src\rttr\detail\default_arguments\invoke_with_defaults.h">
      <Filter>detail\default_arguments</Filter>
    </ClInclude>
    <ClInclude Include="C:\Users\rlxo8\Downloads\rttr-master\rttr-master\src\rttr\detail\destructor\destructor_wrapper.h">
      <Filter>detail\destructor</Filter>
    </ClInclude>
    <ClInclude Include="C:\Users\rlxo8\Downloads\rttr-master\rttr-master\src\rttr\detail\destructor\destructor_wrapper_base.h">
      <Filter>detail\destructor</Filter>
    </ClInclude>
    <ClInclude Include="C:\Users\rlxo8\Downloads\rttr-master\rttr-master\src\rttr\detail\enumeration\enumeration_helper.h">
      <Filter>detail\enumeration</Filter>
    </ClInclude>
    <ClInclude Include="C:\Users\rlxo8\Downloads\rttr-master\rttr-master\src\rttr\detail\enumeration\enumeration_wrapper.h">
      <Filter>detail\enumeration</Filter>
    </ClInclude>
    <ClInclude Include="C:\Users\rlxo8\Downloads\rttr-master\rttr-master\src\rttr\detail\enumeration\enumeration_wrapper_base.h">
      <Filter>detail\enumeration</Filter>
    </ClInclude>
    <ClInclude Include="C:\Users\rlxo8\Downloads\rttr-master\rttr-master\src\rttr\detail\enumeration\enum_data.h">
      <Filter>detail\enumeration</Filter>
    </ClInclude>
    <ClInclude Include="C:\Users\rlxo8\Downloads\rttr-master\rttr-master\src\rttr\detail\filter\filter_item_funcs.h">
      <Filter>detail\filter</Filter>
    </ClInclude>
    <ClInclude Include="C:\Users\rlxo8\Downloads\rttr-master\rttr-master\src\rttr\detail\impl\argument_impl.h">
      <Filter>detail\impl</Filter>
    </ClInclude>
    <ClInclude Include="C:\Users\rlxo8\Downloads\rttr-master\rttr-master\src\rttr\detail\impl\array_range_impl.h">
      <Filter>detail\impl</Filter>
    </ClInclude>
    <ClInclude Include="C:\Users\rlxo8\Downloads\rttr-master\rttr-master\src\rttr\detail\impl\associative_mapper_impl.h">
      <Filter>detail\impl</Filter>
    </ClInclude>
    <ClInclude Include="C:\Users\rlxo8\Downloads\rttr-master\rttr-master\src\rttr\detail\impl\enum_flags_impl.h">
      <Filter>detail\impl</Filter>
    </ClInclude>
    <ClInclude Include="C:\Users\rlxo8\Downloads\rttr-master\rttr-master\src\rttr\detail\impl\instance_impl.h">
      <Filter>detail\impl</Filter>
    </ClInclude>
    <ClInclude Include="C:\Users\rlxo8\Downloads\rttr-master\rttr-master\src\rttr\detail\impl\rttr_cast_impl.h">
      <Filter>detail\impl</Filter>
    </ClInclude>
    <ClInclude Include="C:\Users\rlxo8\Downloads\rttr-master\rttr-master\src\rttr\detail\impl\sequential_mapper_impl.h">
      <Filter>detail\impl</Filter>
    </ClInclude>
    <ClInclude Include="C:\Users\rlxo8\Downloads\rttr-master\rttr-master\src\rttr\detail\impl\string_view_impl.h">
      <Filter>detail\impl</Filter>
    </ClInclude>
    <ClInclude Include="C:\Users\rlxo8\Downloads\rttr-master\rttr-master\src\rttr\detail\impl\wrapper_mapper_impl.h">
      <Filter>detail\impl</Filter>
    </ClInclude>
    <ClInclude Include="C:\Users\rlxo8\Downloads\rttr-master\rttr-master\src\rttr\detail\library\library_p.h">
      <Filter>detail\library</Filter>
    </ClInclude>
    <ClInclude Include="C:\Users\rlxo8\Downloads\rttr-master\rttr-master\src\rttr\detail\metadata\metadata.h">
      <Filter>detail\metadata</Filter>
    </ClInclude>
    <ClInclude Include="C:\Users\rlxo8\Downloads\rttr-master\rttr-master\src\rttr\detail\metadata\metadata_handler.h">
      <Filter>detail\metadata</Filter>
    </ClInclude>
    <ClInclude Include="C:\Users\rlxo8\Downloads\rttr-master\rttr-master\src\rttr\detail\method\method_accessor.h">
      <Filter>detail\method</Filter>
    </ClInclude>
    <ClInclude Include="C:\Users\rlxo8\Downloads\rttr-master\rttr-master\src\rttr\detail\method\method_invoker.h">
      <Filter>detail\method</Filter>
    </ClInclude>
    <ClInclude Include="C:\Users\rlxo8\Downloads\rttr-master\rttr-master\src\rttr\detail\method\method_wrapper.h">
      <Filter>detail\method</Filter>
    </ClInclude>
    <ClInclude Include="C:\Users\rlxo8\Downloads\rttr-master\rttr-master\src\rttr\detail\method\method_wrapper_base.h">
      <Filter>detail\method</Filter>
    </ClInclude>
    <ClInclude Include="C:\Users\rlxo8\Downloads\rttr-master\rttr-master\src\rttr\detail\misc\argument_wrapper.h">
      <Filter>detail\misc</Filter>
    </ClInclude>
    <ClInclude Include="C:\Users\rlxo8\Downloads\rttr-master\rttr-master\src\rttr\detail\misc\argument_extractor.h">
      <Filter>detail\misc</Filter>
    </ClInclude>
    <ClInclude Include="C:\Users\rlxo8\Downloads\rttr-master\rttr-master\src\rttr\detail\misc\class_item_mapper.h">
      <Filter>detail\misc</Filter>
    </ClInclude>
    <ClInclude Include="C:\Users\rlxo8\Downloads\rttr-master\rttr-master\src\rttr\detail\misc\data_address_container.h">
      <Filter>detail\misc</Filter>
    </ClInclude>
    <ClInclude Include="C:\Users\rlxo8\Downloads\rttr-master\rttr-master\src\rttr\detail\misc\flat_map.h">
      <Filter>detail\misc</Filter>
    </ClInclude>
    <ClInclude Include="C:\Users\rlxo8\Downloads\rttr-master\rttr-master\src\rttr\detail\misc\flat_multimap.h">
      <Filter>detail\misc</Filter>
    </ClInclude>
    <ClInclude Include="C:\Users\rlxo8\Downloads\rttr-master\rttr-master\src\rttr\detail\misc\function_traits.h">
      <Filter>detail\misc</Filter>
    </ClInclude>
    <ClInclude Include="C:\Users\rlxo8\Downloads\rttr-master\rttr-master\src\rttr\detail\misc\iterator_wrapper.h">
      <Filter>detail\misc</Filter>
    </ClInclude>
    <ClInclude Include="C:\Users\rlxo8\Downloads\rttr-master\rttr-master\src\rttr\detail\misc\misc_type_traits.h">
      <Filter>detail\misc</Filter>
    </ClInclude>
    <ClInclude Include="C:\Users\rlxo8\Downloads\rttr-master\rttr-master\src\rttr\detail\misc\register_wrapper_mapper_conversion.h">
      <Filter>detail\misc</Filter>
    </ClInclude>
    <ClInclude Include="C:\Users\rlxo8\Downloads\rttr-master\rttr-master\src\rttr\detail\misc\sequential_container_type_traits.h">
      <Filter>detail\misc</Filter>
    </ClInclude>
    <ClInclude Include="C:\Users\rlxo8\Downloads\rttr-master\rttr-master\src\rttr\detail\misc\std_type_traits.h">
      <Filter>detail\misc</Filter>
    </ClInclude>
    <ClInclude Include="C:\Users\rlxo8\Downloads\rttr-master\rttr-master\src\rttr\detail\misc\template_type_trait.h">
      <Filter>detail\misc</Filter>
    </ClInclude>
    <ClInclude Include="C:\Users\rlxo8\Downloads\rttr-master\rttr-master\src\rttr\detail\misc\template_type_trait_impl.h">
      <Filter>detail\misc</Filter>
    </ClInclude>
    <ClInclude Include="C:\Users\rlxo8\Downloads\rttr-master\rttr-master\src\rttr\detail\misc\utility.h">
      <Filter>detail\misc</Filter>
    </ClInclude>
    <ClInclude Include="C:\Users\rlxo8\Downloads\rttr-master\rttr-master\src\rttr\detail\parameter_info\parameter_infos.h">
      <Filter>detail\parameter_info</Filter>
    </ClInclude>
    <ClInclude Include="C:\Users\rlxo8\Downloads\rttr-master\rttr-master\src\rttr\detail\parameter_info\parameter_infos_compare.h">
      <Filter>detail\parameter_info</Filter>
    </ClInclude>
    <ClInclude Include="C:\Users\rlxo8\Downloads\rttr-master\rttr-master\src\rttr\detail\parameter_info\parameter_names.h">
      <Filter>detail\parameter_info</Filter>
    </ClInclude>
    <ClInclude Include="C:\Users\rlxo8\Downloads\rttr-master\rttr-master\src\rttr\detail\parameter_info\parameter_info_wrapper_base.h">
      <Filter>detail\parameter_info</Filter>
    </ClInclude>
    <ClInclude Include="C:\Users\rlxo8\Downloads\rttr-master\rttr-master\src\rttr\detail\parameter_info\parameter_info_wrapper.h">
      <Filter>detail\parameter_info</Filter>
    </ClInclude>
    <ClInclude Include="C:\Users\rlxo8\Downloads\rttr-master\rttr-master\src\rttr\detail\policies\prop_policies.h">
      <Filter>detail\policies</Filter>
    </ClInclude>
    <ClInclude Include="C:\Users\rlxo8\Downloads\rttr-master\rttr-master\src\rttr\detail\policies\meth_policies.h">
      <Filter>detail\policies</Filter>
    </ClInclude>
    <ClInclude Include="C:\Users\rlxo8\Downloads\rttr-master\rttr-master\src\rttr\detail\policies\ctor_policies.h">
      <Filter>detail\policies</Filter>
    </ClInclude>
    <ClInclude Include="C:\Users\rlxo8\Downloads\rttr-master\rttr-master\src\rttr\detail\property\property_accessor.h">
      <Filter>detail\property</Filter>
    </ClInclude>
    <ClInclude Include="C:\Users\rlxo8\Downloads\rttr-master\rttr-master\src\rttr\detail\property\property_wrapper.h">
      <Filter>detail\property</Filter>
    </ClInclude>
    <ClInclude Include="C:\Users\rlxo8\Downloads\rttr-master\rttr-master\src\rttr\detail\property\property_wrapper_base.h">
      <Filter>detail\property</Filter>
    </ClInclude>
    <ClInclude Include="C:\Users\rlxo8\Downloads\rttr-master\rttr-master\src\rttr\detail\property\property_wrapper_func.h">
      <Filter>detail\property</Filter>
    </ClInclude>
    <ClInclude Include="C:\Users\rlxo8\Downloads\rttr-master\rttr-master\src\rttr\detail\property\property_wrapper_member_func.h">
      <Filter>detail\property</Filter>
    </ClInclude>
    <ClInclude Include="C:\Users\rlxo8\Downloads\rttr-master\rttr-master\src\rttr\detail\property\property_wrapper_member_object.h">
      <Filter>detail\property</Filter>
    </ClInclude>
    <ClInclude Include="C:\Users\rlxo8\Downloads\rttr-master\rttr-master\src\rttr\detail\property\property_wrapper_object.h">
      <Filter>detail\property</Filter>
    </ClInclude>
    <ClInclude Include="C:\Users\rlxo8\Downloads\rttr-master\rttr-master\src\rttr\detail\registration\bind_types.h">
      <Filter>detail\registration</Filter>
    </ClInclude>
    <ClInclude Include="C:\Users\rlxo8\Downloads\rttr-master\rttr-master\src\rttr\detail\registration\bind_impl.h">
      <Filter>detail\registration</Filter>
    </ClInclude>
    <ClInclude Include="C:\Users\rlxo8\Downloads\rttr-master\rttr-master\src\rttr\detail\registration\register_base_class_from_accessor.h">
      <Filter>detail\registration</Filter>
    </ClInclude>
    <ClInclude Include="C:\Users\rlxo8\Downloads\rttr-master\rttr-master\src\rttr\detail\registration\registration_impl.h">
      <Filter>detail\registration</Filter>
    </ClInclude>
    <ClInclude Include="C:\Users\rlxo8\Downloads\rttr-master\rttr-master\src\rttr\detail\registration\registration_executer.h">
      <Filter>detail\registration</Filter>
    </ClInclude>
    <ClInclude Include="C:\Users\rlxo8\Downloads\rttr-master\rttr-master\src\rttr\detail\registration\registration_manager.h">
      <Filter>detail\registration</Filter>
    </ClInclude>
    <ClInclude Include="C:\Users\rlxo8\Downloads\rttr-master\rttr-master\src\rttr\detail\registration\registration_state_saver.h">
      <Filter>detail\registration</Filter>
    </ClInclude>
    <ClInclude Include="C:\Users\rlxo8\Downloads\rttr-master\rttr-master\src\rttr\detail\type\accessor_type.h">
      <Filter>detail\type</Filter>
    </ClInclude>
    <ClInclude Include="C:\Users\rlxo8\Downloads\rttr-master\rttr-master\src\rttr\detail\type\base_classes.h">
      <Filter>detail\type</Filter>
    </ClInclude>
    <ClInclude Include="C:\Users\rlxo8\Downloads\rttr-master\rttr-master\src\rttr\detail\type\get_create_variant_func.h">
      <Filter>detail\type</Filter>
    </ClInclude>
    <ClInclude Include="C:\Users\rlxo8\Downloads\rttr-master\rttr-master\src\rttr\detail\type\get_derived_info_func.h">
      <Filter>detail\type</Filter>
    </ClInclude>
    <ClInclude Include="C:\Users\rlxo8\Downloads\rttr-master\rttr-master\src\rttr\detail\type\type_converter.h">
      <Filter>detail\type</Filter>
    </ClInclude>
    <ClInclude Include="C:\Users\rlxo8\Downloads\rttr-master\rttr-master\src\rttr\detail\type\type_comparator.h">
      <Filter>detail\type</Filter>
    </ClInclude>
    <ClInclude Include="C:\Users\rlxo8\Downloads\rttr-master\rttr-master\src\rttr\detail\type\type_data.h">
      <Filter>detail\type</Filter>
    </ClInclude>
    <ClInclude Include="C:\Users\rlxo8\Downloads\rttr-master\rttr-master\src\rttr\detail\type\type_register.h">
      <Filter>detail\type</Filter>
    </ClInclude>
    <ClInclude Include="C:\Users\rlxo8\Downloads\rttr-master\rttr-master\src\rttr\detail\type\type_impl.h">
      <Filter>detail\type</Filter>
    </ClInclude>
    <ClInclude Include="C:\Users\rlxo8\Downloads\rttr-master\rttr-master\src\rttr\detail\type\type_name.h">
      <Filter>detail\type</Filter>
    </ClInclude>
    <ClInclude Include="C:\Users\rlxo8\Downloads\rttr-master\rttr-master\src\rttr\detail\type\type_register_p.h">
      <Filter>detail\type</Filter>
    </ClInclude>
    <ClInclude Include="C:\Users\rlxo8\Downloads\rttr-master\rttr-master\src\rttr\detail\type\type_string_utils.h">
      <Filter>detail\type</Filter>
    </ClInclude>
    <ClInclude Include="C:\Users\rlxo8\Downloads\rttr-master\rttr-master\src\rttr\detail\variant\variant_compare.h">
      <Filter>detail\variant</Filter>
    </ClInclude>
    <ClInclude Include="C:\Users\rlxo8\Downloads\rttr-master\rttr-master\src\rttr\detail\variant\variant_data.h">
      <Filter>detail\variant</Filter>
    </ClInclude>
    <ClInclude Include="C:\Users\rlxo8\Downloads\rttr-master\rttr-master\src\rttr\detail\variant\variant_data_converter.h">
      <Filter>detail\variant</Filter>
    </ClInclude>
    <ClInclude Include="C:\Users\rlxo8\Downloads\rttr-master\rttr-master\src\rttr\detail\variant\variant_data_policy.h">
      <Filter>detail\variant</Filter>
    </ClInclude>
    <ClInclude Include="C:\Users\rlxo8\Downloads\rttr-master\rttr-master\src\rttr\detail\variant\variant_impl.h">
      <Filter>detail\variant</Filter>
    </ClInclude>
    <ClInclude Include="C:\Users\rlxo8\Downloads\rttr-master\rttr-master\src\rttr\detail\variant_associative_view\variant_associative_view_private.h">
      <Filter>detail\variant_associative_view</Filter>
    </ClInclude>
    <ClInclude Include="C:\Users\rlxo8\Downloads\rttr-master\rttr-master\src\rttr\detail\variant_associative_view\variant_associative_view_creator.h">
      <Filter>detail\variant_associative_view</Filter>
    </ClInclude>
    <ClInclude Include="C:\Users\rlxo8\Downloads\rttr-master\rttr-master\src\rttr\detail\variant_associative_view\variant_associative_view_creator_impl.h">
      <Filter>detail\variant_associative_view</Filter>
    </ClInclude>
    <ClInclude Include="C:\Users\rlxo8\Downloads\rttr-master\rttr-master\src\rttr\detail\variant_sequential_view\variant_sequential_view_private.h">
      <Filter>detail\variant_sequential_view</Filter>
    </ClInclude>
    <ClInclude Include="C:\Users\rlxo8\Downloads\rttr-master\rttr-master\src\rttr\detail\variant_sequential_view\variant_sequential_view_creator_impl.h">
      <Filter>detail\variant_sequential_view</Filter>
    </ClInclude>
    <ClInclude Include="C:\Users\rlxo8\Downloads\rttr-master\rttr-master\src\rttr\detail\variant_sequential_view\variant_sequential_view_creator.h">
      <Filter>detail\variant_sequential_view</Filter>
    </ClInclude>
    <ClInclude Include="C:\Users\rlxo8\Downloads\rttr-master\rttr-master\src\rttr\detail\visitor\visitor_iterator.h">
      <Filter>detail\visitor</Filter>
    </ClInclude>
    <ClInclude Include="C:\Users\rlxo8\Downloads\rttr-master\rttr-master\src\rttr\detail\visitor\create_type_visitor_func.h">
      <Filter>detail\visitor</Filter>
    </ClInclude>
    <ClInclude Include="C:\Users\rlxo8\Downloads\rttr-master\rttr-master\src\rttr\detail\visitor\create_type_visitor_func_impl.h">
      <Filter>detail\visitor</Filter>
    </ClInclude>
    <ClInclude Include="C:\Users\rlxo8\Downloads\rttr-master\rttr-master\src\rttr\detail\visitor\method_visitor_invoker.h">
      <Filter>detail\visitor</Filter>
    </ClInclude>
    <ClInclude Include="C:\Users\rlxo8\Downloads\rttr-master\rttr-master\src\rttr\detail\visitor\constructor_visitor_invoker.h">
      <Filter>detail\visitor</Filter>
    </ClInclude>
    <ClInclude Include="C:\Users\rlxo8\Downloads\rttr-master\rttr-master\src\rttr\detail\visitor\property_visitor_invoker.h">
      <Filter>detail\visitor</Filter>
    </ClInclude>
    <ClInclude Include="C:\Users\rlxo8\Downloads\rttr-master\rttr-master\src\rttr\detail\visitor\visitor_impl.h">
      <Filter>detail\visitor</Filter>
    </ClInclude>
    <ClInclude Include="C:\Users\rlxo8\Downloads\rttr-master\rttr-master\src\rttr\detail\visitor\type_visitor_invoker.h">
      <Filter>detail\visitor</Filter>
    </ClInclude>
    <ClInclude Include="C:\Users\rlxo8\Downloads\rttr-master\rttr-master\src\rttr\detail\visitor\visitor_registration.h">
      <Filter>detail\visitor</Filter>
    </ClInclude>
  </ItemGroup>
  <ItemGroup>
    <CustomBuild Include="C:\Users\rlxo8\Downloads\rttr-master\rttr-master\src\rttr\CMakeLists.txt" />
  </ItemGroup>
  <ItemGroup>
    <None Include="C:\Users\rlxo8\Downloads\rttr-master\rttr-master\src\rttr\registration" />
    <None Include="C:\Users\rlxo8\Downloads\rttr-master\rttr-master\src\rttr\registration_friend" />
    <None Include="C:\Users\rlxo8\Downloads\rttr-master\rttr-master\src\rttr\type" />
  </ItemGroup>
  <ItemGroup>
    <ResourceCompile Include="C:\Users\rlxo8\Downloads\rttr-master\rttr-master\src\rttr\detail\base\version.rc">
      <Filter>Generated Files</Filter>
    </ResourceCompile>
  </ItemGroup>
  <ItemGroup>
    <Filter Include="Generated Files">
      <UniqueIdentifier>{05F8DCB5-6AC8-3A88-AA69-6D2D8AE9E260}</UniqueIdentifier>
    </Filter>
    <Filter Include="Header Files">
      <UniqueIdentifier>{7CAB46BB-6900-3967-81BF-1B12BFEE4C61}</UniqueIdentifier>
    </Filter>
    <Filter Include="Source Files">
      <UniqueIdentifier>{BC93A7C8-9B5E-3B18-A248-247FC40385F8}</UniqueIdentifier>
    </Filter>
    <Filter Include="detail">
      <UniqueIdentifier>{F1434D08-A9DB-3575-A68B-C0C559A91A11}</UniqueIdentifier>
    </Filter>
    <Filter Include="detail\base">
      <UniqueIdentifier>{CB271393-59CB-3B0B-BA18-98B2213BCAA5}</UniqueIdentifier>
    </Filter>
    <Filter Include="detail\comparison">
      <UniqueIdentifier>{8610C8BB-9C05-35B8-8886-877268E8170B}</UniqueIdentifier>
    </Filter>
    <Filter Include="detail\constructor">
      <UniqueIdentifier>{91828E4D-D2A3-34CD-BBC4-0430781C36DA}</UniqueIdentifier>
    </Filter>
    <Filter Include="detail\conversion">
      <UniqueIdentifier>{6201AA3A-A683-37C0-BF50-D04C9B36EDA2}</UniqueIdentifier>
    </Filter>
    <Filter Include="detail\default_arguments">
      <UniqueIdentifier>{023555F6-0FD1-3863-9B27-871525C8D23A}</UniqueIdentifier>
    </Filter>
    <Filter Include="detail\destructor">
      <UniqueIdentifier>{F4C6564C-AC92-3E0B-AB72-83BB09AC05AC}</UniqueIdentifier>
    </Filter>
    <Filter Include="detail\enumeration">
      <UniqueIdentifier>{C0EB5D9F-9446-3867-AF10-BB6F7E64C54C}</UniqueIdentifier>
    </Filter>
    <Filter Include="detail\filter">
      <UniqueIdentifier>{9BBA4A83-4F45-3741-B186-AFD41C8CE798}</UniqueIdentifier>
    </Filter>
    <Filter Include="detail\impl">
      <UniqueIdentifier>{453343B0-C81A-3AE4-AB51-4B50A7A772A1}</UniqueIdentifier>
    </Filter>
    <Filter Include="detail\library">
      <UniqueIdentifier>{5DA28473-A1E4-37C1-8359-C350D8590D5D}</UniqueIdentifier>
    </Filter>
    <Filter Include="detail\metadata">
      <UniqueIdentifier>{DA99837C-7CB4-3B92-8F2A-6DA937E59341}</UniqueIdentifier>
    </Filter>
    <Filter Include="detail\method">
      <UniqueIdentifier>{44EB35E4-FCEB-37CA-AC7D-F67A032B40D7}</UniqueIdentifier>
    </Filter>
    <Filter Include="detail\misc">
      <UniqueIdentifier>{522752C6-CCD7-336C-B49D-16C3BC5C8795}</UniqueIdentifier>
    </Filter>
    <Filter Include="detail\parameter_info">
      <UniqueIdentifier>{E33FEE26-F937-35C9-BACA-5B54AE081C00}</UniqueIdentifier>
    </Filter>
    <Filter Include="detail\policies">
      <UniqueIdentifier>{D11977B0-6FD8-3EB2-A104-22C844C90EFB}</UniqueIdentifier>
    </Filter>
    <Filter Include="detail\property">
      <UniqueIdentifier>{849F7EAD-9C84-3FB0-A84D-1055F08EF046}</UniqueIdentifier>
    </Filter>
    <Filter Include="detail\registration">
      <UniqueIdentifier>{FA36B593-5E6E-3346-A2A2-2450577D616F}</UniqueIdentifier>
    </Filter>
    <Filter Include="detail\type">
      <UniqueIdentifier>{80349171-7859-3474-A913-F634949119B3}</UniqueIdentifier>
    </Filter>
    <Filter Include="detail\variant">
      <UniqueIdentifier>{E5A89989-2F56-38F6-984A-6FE1A8C8E739}</UniqueIdentifier>
    </Filter>
    <Filter Include="detail\variant_associative_view">
      <UniqueIdentifier>{90188ABE-BC8D-3795-85FE-9152205A1646}</UniqueIdentifier>
    </Filter>
    <Filter Include="detail\variant_sequential_view">
      <UniqueIdentifier>{2C28247B-53B7-3496-A10C-C18BD45771BB}</UniqueIdentifier>
    </Filter>
    <Filter Include="detail\visitor">
      <UniqueIdentifier>{BC86F4C7-007C-341D-9E3B-DB3D39D14F02}</UniqueIdentifier>
    </Filter>
  </ItemGroup>
</Project>
